
Microsoft Visual Studio Solution File, Format Version 12.00
# Visual Studio 15
VisualStudioVersion = 15.0.28307.572
MinimumVisualStudioVersion = 10.0.40219.1
Project("{FAE04EC0-301F-11D3-BF4B-00C04F79EFBC}") = "CatalogosApi", "CatalogosApi\CatalogosApi.csproj", "{9ABAC6F8-38EB-4E4D-9637-75536A47B374}"
EndProject
Project("{FAE04EC0-301F-11D3-BF4B-00C04F79EFBC}") = "Data", "Data\Data.csproj", "{8CFF5C2E-2B02-4A96-8798-393753CB2C2E}"
EndProject
Global
	GlobalSection(SolutionConfigurationPlatforms) = preSolution
		Debug|Any CPU = Debug|Any CPU
		Release|Any CPU = Release|Any CPU
	EndGlobalSection
	GlobalSection(ProjectConfigurationPlatforms) = postSolution
		{9ABAC6F8-38EB-4E4D-9637-75536A47B374}.Debug|Any CPU.ActiveCfg = Debug|Any CPU
		{9ABAC6F8-38EB-4E4D-9637-75536A47B374}.Debug|Any CPU.Build.0 = Debug|Any CPU
		{9ABAC6F8-38EB-4E4D-9637-75536A47B374}.Release|Any CPU.ActiveCfg = Release|Any CPU
		{9ABAC6F8-38EB-4E4D-9637-75536A47B374}.Release|Any CPU.Build.0 = Release|Any CPU
		{8CFF5C2E-2B02-4A96-8798-393753CB2C2E}.Debug|Any CPU.ActiveCfg = Debug|Any CPU
		{8CFF5C2E-2B02-4A96-8798-393753CB2C2E}.Debug|Any CPU.Build.0 = Debug|Any CPU
		{8CFF5C2E-2B02-4A96-8798-393753CB2C2E}.Release|Any CPU.ActiveCfg = Release|Any CPU
		{8CFF5C2E-2B02-4A96-8798-393753CB2C2E}.Release|Any CPU.Build.0 = Release|Any CPU
	EndGlobalSection
	GlobalSection(SolutionProperties) = preSolution
		HideSolutionNode = FALSE
	EndGlobalSection
	GlobalSection(ExtensibilityGlobals) = postSolution
		SolutionGuid = {6D027ACE-EDFB-458B-92E6-7408026C2176}
	EndGlobalSection
EndGlobal
